// !$*UTF8*$!
{
	archiveVersion = 1;
	classes = {
	};
	objectVersion = 55;
	objects = {

/* Begin PBXBuildFile section */
		1E2F5F8727D57EF000CABDC9 /* SearchBarViewModel.swift in Sources */ = {isa = PBXBuildFile; fileRef = 1E2F5F8627D57EF000CABDC9 /* SearchBarViewModel.swift */; };
		1E2F5F8927D5801F00CABDC9 /* FilterViewModel.swift in Sources */ = {isa = PBXBuildFile; fileRef = 1E2F5F8827D5801F00CABDC9 /* FilterViewModel.swift */; };
		1E45BD3227CC7AC0001E0BC5 /* AppDelegate.swift in Sources */ = {isa = PBXBuildFile; fileRef = 1E45BD3127CC7AC0001E0BC5 /* AppDelegate.swift */; };
		1E45BD3427CC7AC0001E0BC5 /* SceneDelegate.swift in Sources */ = {isa = PBXBuildFile; fileRef = 1E45BD3327CC7AC0001E0BC5 /* SceneDelegate.swift */; };
		1E45BD3B27CC7AC2001E0BC5 /* Assets.xcassets in Resources */ = {isa = PBXBuildFile; fileRef = 1E45BD3A27CC7AC2001E0BC5 /* Assets.xcassets */; };
		1E45BD3E27CC7AC2001E0BC5 /* LaunchScreen.storyboard in Resources */ = {isa = PBXBuildFile; fileRef = 1E45BD3C27CC7AC2001E0BC5 /* LaunchScreen.storyboard */; };
		1E45BD4627CC7C04001E0BC5 /* MainViewController.swift in Sources */ = {isa = PBXBuildFile; fileRef = 1E45BD4527CC7C04001E0BC5 /* MainViewController.swift */; };
		1E45BD4827CC7D04001E0BC5 /* SearchBar.swift in Sources */ = {isa = PBXBuildFile; fileRef = 1E45BD4727CC7D04001E0BC5 /* SearchBar.swift */; };
		1E45BD4A27CC80D6001E0BC5 /* FilterView.swift in Sources */ = {isa = PBXBuildFile; fileRef = 1E45BD4927CC80D6001E0BC5 /* FilterView.swift */; };
		1E45BD4C27CC8236001E0BC5 /* BlogList.swift in Sources */ = {isa = PBXBuildFile; fileRef = 1E45BD4B27CC8236001E0BC5 /* BlogList.swift */; };
		1E45BD4E27CC8247001E0BC5 /* BlogListCell.swift in Sources */ = {isa = PBXBuildFile; fileRef = 1E45BD4D27CC8247001E0BC5 /* BlogListCell.swift */; };
		1E45BD5027CC8252001E0BC5 /* BlogListCellData.swift in Sources */ = {isa = PBXBuildFile; fileRef = 1E45BD4F27CC8252001E0BC5 /* BlogListCellData.swift */; };
		1E45BD5927CC86F9001E0BC5 /* AlertActionConvertible.swift in Sources */ = {isa = PBXBuildFile; fileRef = 1E45BD5827CC86F9001E0BC5 /* AlertActionConvertible.swift */; };
		1E45BD5B27CC8CBE001E0BC5 /* DKBlog.swift in Sources */ = {isa = PBXBuildFile; fileRef = 1E45BD5A27CC8CBE001E0BC5 /* DKBlog.swift */; };
		1E45BD5D27CC8F1C001E0BC5 /* SearchBlogAPI.swift in Sources */ = {isa = PBXBuildFile; fileRef = 1E45BD5C27CC8F1C001E0BC5 /* SearchBlogAPI.swift */; };
		1E45BD6027CC90C6001E0BC5 /* SearchBlogNetwork.swift in Sources */ = {isa = PBXBuildFile; fileRef = 1E45BD5F27CC90C6001E0BC5 /* SearchBlogNetwork.swift */; };
		1E63A00127D6C2D1003212B2 /* BlogListViewModel.swift in Sources */ = {isa = PBXBuildFile; fileRef = 1E63A00027D6C2D1003212B2 /* BlogListViewModel.swift */; };
		CA52DD9B682967FCA88068F4 /* Pods_BlogSearchApp.framework in Frameworks */ = {isa = PBXBuildFile; fileRef = 53E88C0C3A12C874FB9DC0BE /* Pods_BlogSearchApp.framework */; };
/* End PBXBuildFile section */

/* Begin PBXFileReference section */
		0D0DE5C7FB8AEFA90F56ADEA /* Pods-BlogSearchApp.release.xcconfig */ = {isa = PBXFileReference; includeInIndex = 1; lastKnownFileType = text.xcconfig; name = "Pods-BlogSearchApp.release.xcconfig"; path = "Target Support Files/Pods-BlogSearchApp/Pods-BlogSearchApp.release.xcconfig"; sourceTree = "<group>"; };
		1E2F5F8627D57EF000CABDC9 /* SearchBarViewModel.swift */ = {isa = PBXFileReference; lastKnownFileType = sourcecode.swift; path = SearchBarViewModel.swift; sourceTree = "<group>"; };
		1E2F5F8827D5801F00CABDC9 /* FilterViewModel.swift */ = {isa = PBXFileReference; lastKnownFileType = sourcecode.swift; path = FilterViewModel.swift; sourceTree = "<group>"; };
		1E45BD2E27CC7AC0001E0BC5 /* BlogSearchApp.app */ = {isa = PBXFileReference; explicitFileType = wrapper.application; includeInIndex = 0; path = BlogSearchApp.app; sourceTree = BUILT_PRODUCTS_DIR; };
		1E45BD3127CC7AC0001E0BC5 /* AppDelegate.swift */ = {isa = PBXFileReference; lastKnownFileType = sourcecode.swift; path = AppDelegate.swift; sourceTree = "<group>"; };
		1E45BD3327CC7AC0001E0BC5 /* SceneDelegate.swift */ = {isa = PBXFileReference; lastKnownFileType = sourcecode.swift; path = SceneDelegate.swift; sourceTree = "<group>"; };
		1E45BD3A27CC7AC2001E0BC5 /* Assets.xcassets */ = {isa = PBXFileReference; lastKnownFileType = folder.assetcatalog; path = Assets.xcassets; sourceTree = "<group>"; };
		1E45BD3D27CC7AC2001E0BC5 /* Base */ = {isa = PBXFileReference; lastKnownFileType = file.storyboard; name = Base; path = Base.lproj/LaunchScreen.storyboard; sourceTree = "<group>"; };
		1E45BD3F27CC7AC2001E0BC5 /* Info.plist */ = {isa = PBXFileReference; lastKnownFileType = text.plist.xml; path = Info.plist; sourceTree = "<group>"; };
		1E45BD4527CC7C04001E0BC5 /* MainViewController.swift */ = {isa = PBXFileReference; lastKnownFileType = sourcecode.swift; path = MainViewController.swift; sourceTree = "<group>"; };
		1E45BD4727CC7D04001E0BC5 /* SearchBar.swift */ = {isa = PBXFileReference; lastKnownFileType = sourcecode.swift; path = SearchBar.swift; sourceTree = "<group>"; };
		1E45BD4927CC80D6001E0BC5 /* FilterView.swift */ = {isa = PBXFileReference; lastKnownFileType = sourcecode.swift; path = FilterView.swift; sourceTree = "<group>"; };
		1E45BD4B27CC8236001E0BC5 /* BlogList.swift */ = {isa = PBXFileReference; lastKnownFileType = sourcecode.swift; path = BlogList.swift; sourceTree = "<group>"; };
		1E45BD4D27CC8247001E0BC5 /* BlogListCell.swift */ = {isa = PBXFileReference; lastKnownFileType = sourcecode.swift; path = BlogListCell.swift; sourceTree = "<group>"; };
		1E45BD4F27CC8252001E0BC5 /* BlogListCellData.swift */ = {isa = PBXFileReference; lastKnownFileType = sourcecode.swift; path = BlogListCellData.swift; sourceTree = "<group>"; };
		1E45BD5827CC86F9001E0BC5 /* AlertActionConvertible.swift */ = {isa = PBXFileReference; lastKnownFileType = sourcecode.swift; path = AlertActionConvertible.swift; sourceTree = "<group>"; };
		1E45BD5A27CC8CBE001E0BC5 /* DKBlog.swift */ = {isa = PBXFileReference; lastKnownFileType = sourcecode.swift; path = DKBlog.swift; sourceTree = "<group>"; };
		1E45BD5C27CC8F1C001E0BC5 /* SearchBlogAPI.swift */ = {isa = PBXFileReference; lastKnownFileType = sourcecode.swift; path = SearchBlogAPI.swift; sourceTree = "<group>"; };
		1E45BD5F27CC90C6001E0BC5 /* SearchBlogNetwork.swift */ = {isa = PBXFileReference; lastKnownFileType = sourcecode.swift; path = SearchBlogNetwork.swift; sourceTree = "<group>"; };
		1E63A00027D6C2D1003212B2 /* BlogListViewModel.swift */ = {isa = PBXFileReference; lastKnownFileType = sourcecode.swift; path = BlogListViewModel.swift; sourceTree = "<group>"; };
		27B0FFF9037AD93633339339 /* Pods-BlogSearchApp.debug.xcconfig */ = {isa = PBXFileReference; includeInIndex = 1; lastKnownFileType = text.xcconfig; name = "Pods-BlogSearchApp.debug.xcconfig"; path = "Target Support Files/Pods-BlogSearchApp/Pods-BlogSearchApp.debug.xcconfig"; sourceTree = "<group>"; };
		53E88C0C3A12C874FB9DC0BE /* Pods_BlogSearchApp.framework */ = {isa = PBXFileReference; explicitFileType = wrapper.framework; includeInIndex = 0; path = Pods_BlogSearchApp.framework; sourceTree = BUILT_PRODUCTS_DIR; };
/* End PBXFileReference section */

/* Begin PBXFrameworksBuildPhase section */
		1E45BD2B27CC7AC0001E0BC5 /* Frameworks */ = {
			isa = PBXFrameworksBuildPhase;
			buildActionMask = 2147483647;
			files = (
				CA52DD9B682967FCA88068F4 /* Pods_BlogSearchApp.framework in Frameworks */,
			);
			runOnlyForDeploymentPostprocessing = 0;
		};
/* End PBXFrameworksBuildPhase section */

/* Begin PBXGroup section */
		1E45BD2527CC7ABF001E0BC5 = {
			isa = PBXGroup;
			children = (
				1E45BD3027CC7AC0001E0BC5 /* BlogSearchApp */,
				1E45BD2F27CC7AC0001E0BC5 /* Products */,
				F1601F22FAC31232A1FD9EBC /* Pods */,
				A99F15C7E0C41094C4E1C8BA /* Frameworks */,
			);
			sourceTree = "<group>";
		};
		1E45BD2F27CC7AC0001E0BC5 /* Products */ = {
			isa = PBXGroup;
			children = (
				1E45BD2E27CC7AC0001E0BC5 /* BlogSearchApp.app */,
			);
			name = Products;
			sourceTree = "<group>";
		};
		1E45BD3027CC7AC0001E0BC5 /* BlogSearchApp */ = {
			isa = PBXGroup;
			children = (
				1E45BD5E27CC8F20001E0BC5 /* Network */,
				1E45BD5227CC826E001E0BC5 /* Entities */,
				1E45BD5127CC826B001E0BC5 /* Presentation */,
				1E45BD3127CC7AC0001E0BC5 /* AppDelegate.swift */,
				1E45BD3327CC7AC0001E0BC5 /* SceneDelegate.swift */,
				1E45BD3A27CC7AC2001E0BC5 /* Assets.xcassets */,
				1E45BD3C27CC7AC2001E0BC5 /* LaunchScreen.storyboard */,
				1E45BD3F27CC7AC2001E0BC5 /* Info.plist */,
			);
			path = BlogSearchApp;
			sourceTree = "<group>";
		};
		1E45BD5127CC826B001E0BC5 /* Presentation */ = {
			isa = PBXGroup;
			children = (
				1E45BD5427CC8617001E0BC5 /* MainViewController */,
			);
			path = Presentation;
			sourceTree = "<group>";
		};
		1E45BD5227CC826E001E0BC5 /* Entities */ = {
			isa = PBXGroup;
			children = (
				1E45BD4F27CC8252001E0BC5 /* BlogListCellData.swift */,
				1E45BD5827CC86F9001E0BC5 /* AlertActionConvertible.swift */,
				1E45BD5A27CC8CBE001E0BC5 /* DKBlog.swift */,
			);
			path = Entities;
			sourceTree = "<group>";
		};
		1E45BD5327CC85FA001E0BC5 /* SubComponents */ = {
			isa = PBXGroup;
			children = (
				1E45BD5527CC862C001E0BC5 /* SearchBar */,
				1E45BD5627CC8635001E0BC5 /* BlogListView */,
			);
			path = SubComponents;
			sourceTree = "<group>";
		};
		1E45BD5427CC8617001E0BC5 /* MainViewController */ = {
			isa = PBXGroup;
			children = (
				1E45BD4527CC7C04001E0BC5 /* MainViewController.swift */,
				1E45BD5327CC85FA001E0BC5 /* SubComponents */,
			);
			path = MainViewController;
			sourceTree = "<group>";
		};
		1E45BD5527CC862C001E0BC5 /* SearchBar */ = {
			isa = PBXGroup;
			children = (
				1E45BD4727CC7D04001E0BC5 /* SearchBar.swift */,
				1E2F5F8627D57EF000CABDC9 /* SearchBarViewModel.swift */,
			);
			path = SearchBar;
			sourceTree = "<group>";
		};
		1E45BD5627CC8635001E0BC5 /* BlogListView */ = {
			isa = PBXGroup;
			children = (
				1E45BD4B27CC8236001E0BC5 /* BlogList.swift */,
				1E63A00027D6C2D1003212B2 /* BlogListViewModel.swift */,
				1E45BD5727CC864A001E0BC5 /* SubComponents */,
			);
			path = BlogListView;
			sourceTree = "<group>";
		};
		1E45BD5727CC864A001E0BC5 /* SubComponents */ = {
			isa = PBXGroup;
			children = (
				1E639FFF27D6C2BC003212B2 /* FilterView */,
				1E45BD4D27CC8247001E0BC5 /* BlogListCell.swift */,
			);
			path = SubComponents;
			sourceTree = "<group>";
		};
		1E45BD5E27CC8F20001E0BC5 /* Network */ = {
			isa = PBXGroup;
			children = (
				1E45BD5C27CC8F1C001E0BC5 /* SearchBlogAPI.swift */,
				1E45BD5F27CC90C6001E0BC5 /* SearchBlogNetwork.swift */,
			);
			path = Network;
			sourceTree = "<group>";
		};
		1E639FFF27D6C2BC003212B2 /* FilterView */ = {
			isa = PBXGroup;
			children = (
				1E45BD4927CC80D6001E0BC5 /* FilterView.swift */,
				1E2F5F8827D5801F00CABDC9 /* FilterViewModel.swift */,
			);
			path = FilterView;
			sourceTree = "<group>";
		};
		A99F15C7E0C41094C4E1C8BA /* Frameworks */ = {
			isa = PBXGroup;
			children = (
				53E88C0C3A12C874FB9DC0BE /* Pods_BlogSearchApp.framework */,
			);
			name = Frameworks;
			sourceTree = "<group>";
		};
		F1601F22FAC31232A1FD9EBC /* Pods */ = {
			isa = PBXGroup;
			children = (
				27B0FFF9037AD93633339339 /* Pods-BlogSearchApp.debug.xcconfig */,
				0D0DE5C7FB8AEFA90F56ADEA /* Pods-BlogSearchApp.release.xcconfig */,
			);
			path = Pods;
			sourceTree = "<group>";
		};
/* End PBXGroup section */

/* Begin PBXNativeTarget section */
		1E45BD2D27CC7AC0001E0BC5 /* BlogSearchApp */ = {
			isa = PBXNativeTarget;
			buildConfigurationList = 1E45BD4227CC7AC2001E0BC5 /* Build configuration list for PBXNativeTarget "BlogSearchApp" */;
			buildPhases = (
				929CC2E79BAB0DF9D1BEB642 /* [CP] Check Pods Manifest.lock */,
				1E45BD2A27CC7AC0001E0BC5 /* Sources */,
				1E45BD2B27CC7AC0001E0BC5 /* Frameworks */,
				1E45BD2C27CC7AC0001E0BC5 /* Resources */,
				EEA765283E2D4B67C364A12C /* [CP] Embed Pods Frameworks */,
			);
			buildRules = (
			);
			dependencies = (
			);
			name = BlogSearchApp;
			productName = BlogSearchApp;
			productReference = 1E45BD2E27CC7AC0001E0BC5 /* BlogSearchApp.app */;
			productType = "com.apple.product-type.application";
		};
/* End PBXNativeTarget section */

/* Begin PBXProject section */
		1E45BD2627CC7ABF001E0BC5 /* Project object */ = {
			isa = PBXProject;
			attributes = {
				BuildIndependentTargetsInParallel = 1;
				LastSwiftUpdateCheck = 1320;
				LastUpgradeCheck = 1320;
				TargetAttributes = {
					1E45BD2D27CC7AC0001E0BC5 = {
						CreatedOnToolsVersion = 13.2.1;
					};
				};
			};
			buildConfigurationList = 1E45BD2927CC7ABF001E0BC5 /* Build configuration list for PBXProject "BlogSearchApp" */;
			compatibilityVersion = "Xcode 13.0";
			developmentRegion = en;
			hasScannedForEncodings = 0;
			knownRegions = (
				en,
				Base,
			);
			mainGroup = 1E45BD2527CC7ABF001E0BC5;
			productRefGroup = 1E45BD2F27CC7AC0001E0BC5 /* Products */;
			projectDirPath = "";
			projectRoot = "";
			targets = (
				1E45BD2D27CC7AC0001E0BC5 /* BlogSearchApp */,
			);
		};
/* End PBXProject section */

/* Begin PBXResourcesBuildPhase section */
		1E45BD2C27CC7AC0001E0BC5 /* Resources */ = {
			isa = PBXResourcesBuildPhase;
			buildActionMask = 2147483647;
			files = (
				1E45BD3E27CC7AC2001E0BC5 /* LaunchScreen.storyboard in Resources */,
				1E45BD3B27CC7AC2001E0BC5 /* Assets.xcassets in Resources */,
			);
			runOnlyForDeploymentPostprocessing = 0;
		};
/* End PBXResourcesBuildPhase section */

/* Begin PBXShellScriptBuildPhase section */
		929CC2E79BAB0DF9D1BEB642 /* [CP] Check Pods Manifest.lock */ = {
			isa = PBXShellScriptBuildPhase;
			buildActionMask = 2147483647;
			files = (
			);
			inputFileListPaths = (
			);
			inputPaths = (
				"${PODS_PODFILE_DIR_PATH}/Podfile.lock",
				"${PODS_ROOT}/Manifest.lock",
			);
			name = "[CP] Check Pods Manifest.lock";
			outputFileListPaths = (
			);
			outputPaths = (
				"$(DERIVED_FILE_DIR)/Pods-BlogSearchApp-checkManifestLockResult.txt",
			);
			runOnlyForDeploymentPostprocessing = 0;
			shellPath = /bin/sh;
			shellScript = "diff \"${PODS_PODFILE_DIR_PATH}/Podfile.lock\" \"${PODS_ROOT}/Manifest.lock\" > /dev/null\nif [ $? != 0 ] ; then\n    # print error to STDERR\n    echo \"error: The sandbox is not in sync with the Podfile.lock. Run 'pod install' or update your CocoaPods installation.\" >&2\n    exit 1\nfi\n# This output is used by Xcode 'outputs' to avoid re-running this script phase.\necho \"SUCCESS\" > \"${SCRIPT_OUTPUT_FILE_0}\"\n";
			showEnvVarsInLog = 0;
		};
		EEA765283E2D4B67C364A12C /* [CP] Embed Pods Frameworks */ = {
			isa = PBXShellScriptBuildPhase;
			buildActionMask = 2147483647;
			files = (
			);
			inputFileListPaths = (
				"${PODS_ROOT}/Target Support Files/Pods-BlogSearchApp/Pods-BlogSearchApp-frameworks-${CONFIGURATION}-input-files.xcfilelist",
			);
			name = "[CP] Embed Pods Frameworks";
			outputFileListPaths = (
				"${PODS_ROOT}/Target Support Files/Pods-BlogSearchApp/Pods-BlogSearchApp-frameworks-${CONFIGURATION}-output-files.xcfilelist",
			);
			runOnlyForDeploymentPostprocessing = 0;
			shellPath = /bin/sh;
			shellScript = "\"${PODS_ROOT}/Target Support Files/Pods-BlogSearchApp/Pods-BlogSearchApp-frameworks.sh\"\n";
			showEnvVarsInLog = 0;
		};
/* End PBXShellScriptBuildPhase section */

/* Begin PBXSourcesBuildPhase section */
		1E45BD2A27CC7AC0001E0BC5 /* Sources */ = {
			isa = PBXSourcesBuildPhase;
			buildActionMask = 2147483647;
			files = (
				1E2F5F8927D5801F00CABDC9 /* FilterViewModel.swift in Sources */,
				1E45BD4627CC7C04001E0BC5 /* MainViewController.swift in Sources */,
				1E45BD4E27CC8247001E0BC5 /* BlogListCell.swift in Sources */,
				1E45BD5B27CC8CBE001E0BC5 /* DKBlog.swift in Sources */,
				1E45BD4C27CC8236001E0BC5 /* BlogList.swift in Sources */,
				1E45BD5D27CC8F1C001E0BC5 /* SearchBlogAPI.swift in Sources */,
				1E45BD5027CC8252001E0BC5 /* BlogListCellData.swift in Sources */,
				1E63A00127D6C2D1003212B2 /* BlogListViewModel.swift in Sources */,
				1E45BD4827CC7D04001E0BC5 /* SearchBar.swift in Sources */,
				1E45BD3227CC7AC0001E0BC5 /* AppDelegate.swift in Sources */,
				1E45BD4A27CC80D6001E0BC5 /* FilterView.swift in Sources */,
				1E45BD3427CC7AC0001E0BC5 /* SceneDelegate.swift in Sources */,
				1E2F5F8727D57EF000CABDC9 /* SearchBarViewModel.swift in Sources */,
				1E45BD6027CC90C6001E0BC5 /* SearchBlogNetwork.swift in Sources */,
				1E45BD5927CC86F9001E0BC5 /* AlertActionConvertible.swift in Sources */,
			);
			runOnlyForDeploymentPostprocessing = 0;
		};
/* End PBXSourcesBuildPhase section */

/* Begin PBXVariantGroup section */
		1E45BD3C27CC7AC2001E0BC5 /* LaunchScreen.storyboard */ = {
			isa = PBXVariantGroup;
			children = (
				1E45BD3D27CC7AC2001E0BC5 /* Base */,
			);
			name = LaunchScreen.storyboard;
			sourceTree = "<group>";
		};
/* End PBXVariantGroup section */

/* Begin XCBuildConfiguration section */
		1E45BD4027CC7AC2001E0BC5 /* Debug */ = {
			isa = XCBuildConfiguration;
			buildSettings = {
				ALWAYS_SEARCH_USER_PATHS = NO;
				CLANG_ANALYZER_NONNULL = YES;
				CLANG_ANALYZER_NUMBER_OBJECT_CONVERSION = YES_AGGRESSIVE;
				CLANG_CXX_LANGUAGE_STANDARD = "gnu++17";
				CLANG_CXX_LIBRARY = "libc++";
				CLANG_ENABLE_MODULES = YES;
				CLANG_ENABLE_OBJC_ARC = YES;
				CLANG_ENABLE_OBJC_WEAK = YES;
				CLANG_WARN_BLOCK_CAPTURE_AUTORELEASING = YES;
				CLANG_WARN_BOOL_CONVERSION = YES;
				CLANG_WARN_COMMA = YES;
				CLANG_WARN_CONSTANT_CONVERSION = YES;
				CLANG_WARN_DEPRECATED_OBJC_IMPLEMENTATIONS = YES;
				CLANG_WARN_DIRECT_OBJC_ISA_USAGE = YES_ERROR;
				CLANG_WARN_DOCUMENTATION_COMMENTS = YES;
				CLANG_WARN_EMPTY_BODY = YES;
				CLANG_WARN_ENUM_CONVERSION = YES;
				CLANG_WARN_INFINITE_RECURSION = YES;
				CLANG_WARN_INT_CONVERSION = YES;
				CLANG_WARN_NON_LITERAL_NULL_CONVERSION = YES;
				CLANG_WARN_OBJC_IMPLICIT_RETAIN_SELF = YES;
				CLANG_WARN_OBJC_LITERAL_CONVERSION = YES;
				CLANG_WARN_OBJC_ROOT_CLASS = YES_ERROR;
				CLANG_WARN_QUOTED_INCLUDE_IN_FRAMEWORK_HEADER = YES;
				CLANG_WARN_RANGE_LOOP_ANALYSIS = YES;
				CLANG_WARN_STRICT_PROTOTYPES = YES;
				CLANG_WARN_SUSPICIOUS_MOVE = YES;
				CLANG_WARN_UNGUARDED_AVAILABILITY = YES_AGGRESSIVE;
				CLANG_WARN_UNREACHABLE_CODE = YES;
				CLANG_WARN__DUPLICATE_METHOD_MATCH = YES;
				COPY_PHASE_STRIP = NO;
				DEBUG_INFORMATION_FORMAT = dwarf;
				ENABLE_STRICT_OBJC_MSGSEND = YES;
				ENABLE_TESTABILITY = YES;
				GCC_C_LANGUAGE_STANDARD = gnu11;
				GCC_DYNAMIC_NO_PIC = NO;
				GCC_NO_COMMON_BLOCKS = YES;
				GCC_OPTIMIZATION_LEVEL = 0;
				GCC_PREPROCESSOR_DEFINITIONS = (
					"DEBUG=1",
					"$(inherited)",
				);
				GCC_WARN_64_TO_32_BIT_CONVERSION = YES;
				GCC_WARN_ABOUT_RETURN_TYPE = YES_ERROR;
				GCC_WARN_UNDECLARED_SELECTOR = YES;
				GCC_WARN_UNINITIALIZED_AUTOS = YES_AGGRESSIVE;
				GCC_WARN_UNUSED_FUNCTION = YES;
				GCC_WARN_UNUSED_VARIABLE = YES;
				IPHONEOS_DEPLOYMENT_TARGET = 15.2;
				MTL_ENABLE_DEBUG_INFO = INCLUDE_SOURCE;
				MTL_FAST_MATH = YES;
				ONLY_ACTIVE_ARCH = YES;
				SDKROOT = iphoneos;
				SWIFT_ACTIVE_COMPILATION_CONDITIONS = DEBUG;
				SWIFT_OPTIMIZATION_LEVEL = "-Onone";
			};
			name = Debug;
		};
		1E45BD4127CC7AC2001E0BC5 /* Release */ = {
			isa = XCBuildConfiguration;
			buildSettings = {
				ALWAYS_SEARCH_USER_PATHS = NO;
				CLANG_ANALYZER_NONNULL = YES;
				CLANG_ANALYZER_NUMBER_OBJECT_CONVERSION = YES_AGGRESSIVE;
				CLANG_CXX_LANGUAGE_STANDARD = "gnu++17";
				CLANG_CXX_LIBRARY = "libc++";
				CLANG_ENABLE_MODULES = YES;
				CLANG_ENABLE_OBJC_ARC = YES;
				CLANG_ENABLE_OBJC_WEAK = YES;
				CLANG_WARN_BLOCK_CAPTURE_AUTORELEASING = YES;
				CLANG_WARN_BOOL_CONVERSION = YES;
				CLANG_WARN_COMMA = YES;
				CLANG_WARN_CONSTANT_CONVERSION = YES;
				CLANG_WARN_DEPRECATED_OBJC_IMPLEMENTATIONS = YES;
				CLANG_WARN_DIRECT_OBJC_ISA_USAGE = YES_ERROR;
				CLANG_WARN_DOCUMENTATION_COMMENTS = YES;
				CLANG_WARN_EMPTY_BODY = YES;
				CLANG_WARN_ENUM_CONVERSION = YES;
				CLANG_WARN_INFINITE_RECURSION = YES;
				CLANG_WARN_INT_CONVERSION = YES;
				CLANG_WARN_NON_LITERAL_NULL_CONVERSION = YES;
				CLANG_WARN_OBJC_IMPLICIT_RETAIN_SELF = YES;
				CLANG_WARN_OBJC_LITERAL_CONVERSION = YES;
				CLANG_WARN_OBJC_ROOT_CLASS = YES_ERROR;
				CLANG_WARN_QUOTED_INCLUDE_IN_FRAMEWORK_HEADER = YES;
				CLANG_WARN_RANGE_LOOP_ANALYSIS = YES;
				CLANG_WARN_STRICT_PROTOTYPES = YES;
				CLANG_WARN_SUSPICIOUS_MOVE = YES;
				CLANG_WARN_UNGUARDED_AVAILABILITY = YES_AGGRESSIVE;
				CLANG_WARN_UNREACHABLE_CODE = YES;
				CLANG_WARN__DUPLICATE_METHOD_MATCH = YES;
				COPY_PHASE_STRIP = NO;
				DEBUG_INFORMATION_FORMAT = "dwarf-with-dsym";
				ENABLE_NS_ASSERTIONS = NO;
				ENABLE_STRICT_OBJC_MSGSEND = YES;
				GCC_C_LANGUAGE_STANDARD = gnu11;
				GCC_NO_COMMON_BLOCKS = YES;
				GCC_WARN_64_TO_32_BIT_CONVERSION = YES;
				GCC_WARN_ABOUT_RETURN_TYPE = YES_ERROR;
				GCC_WARN_UNDECLARED_SELECTOR = YES;
				GCC_WARN_UNINITIALIZED_AUTOS = YES_AGGRESSIVE;
				GCC_WARN_UNUSED_FUNCTION = YES;
				GCC_WARN_UNUSED_VARIABLE = YES;
				IPHONEOS_DEPLOYMENT_TARGET = 15.2;
				MTL_ENABLE_DEBUG_INFO = NO;
				MTL_FAST_MATH = YES;
				SDKROOT = iphoneos;
				SWIFT_COMPILATION_MODE = wholemodule;
				SWIFT_OPTIMIZATION_LEVEL = "-O";
				VALIDATE_PRODUCT = YES;
			};
			name = Release;
		};
		1E45BD4327CC7AC2001E0BC5 /* Debug */ = {
			isa = XCBuildConfiguration;
			baseConfigurationReference = 27B0FFF9037AD93633339339 /* Pods-BlogSearchApp.debug.xcconfig */;
			buildSettings = {
				ASSETCATALOG_COMPILER_APPICON_NAME = AppIcon;
				ASSETCATALOG_COMPILER_GLOBAL_ACCENT_COLOR_NAME = AccentColor;
				CODE_SIGN_STYLE = Automatic;
				CURRENT_PROJECT_VERSION = 1;
				DEVELOPMENT_TEAM = 4FTFKXF8N5;
				GENERATE_INFOPLIST_FILE = YES;
				INFOPLIST_FILE = BlogSearchApp/Info.plist;
				INFOPLIST_KEY_UIApplicationSupportsIndirectInputEvents = YES;
				INFOPLIST_KEY_UILaunchStoryboardName = LaunchScreen;
				INFOPLIST_KEY_UIMainStoryboardFile = LaunchScreen;
				INFOPLIST_KEY_UISupportedInterfaceOrientations_iPad = "UIInterfaceOrientationPortrait UIInterfaceOrientationPortraitUpsideDown UIInterfaceOrientationLandscapeLeft UIInterfaceOrientationLandscapeRight";
				INFOPLIST_KEY_UISupportedInterfaceOrientations_iPhone = "UIInterfaceOrientationPortrait UIInterfaceOrientationLandscapeLeft UIInterfaceOrientationLandscapeRight";
				LD_RUNPATH_SEARCH_PATHS = (
					"$(inherited)",
					"@executable_path/Frameworks",
				);
				MARKETING_VERSION = 1.0;
				PRODUCT_BUNDLE_IDENTIFIER = com.jeongminkim.BlogSearchApp;
				PRODUCT_NAME = "$(TARGET_NAME)";
				SWIFT_EMIT_LOC_STRINGS = YES;
				SWIFT_VERSION = 5.0;
				TARGETED_DEVICE_FAMILY = "1,2";
			};
			name = Debug;
		};
		1E45BD4427CC7AC2001E0BC5 /* Release */ = {
			isa = XCBuildConfiguration;
			baseConfigurationReference = 0D0DE5C7FB8AEFA90F56ADEA /* Pods-BlogSearchApp.release.xcconfig */;
			buildSettings = {
				ASSETCATALOG_COMPILER_APPICON_NAME = AppIcon;
				ASSETCATALOG_COMPILER_GLOBAL_ACCENT_COLOR_NAME = AccentColor;
				CODE_SIGN_STYLE = Automatic;
				CURRENT_PROJECT_VERSION = 1;
				DEVELOPMENT_TEAM = 4FTFKXF8N5;
				GENERATE_INFOPLIST_FILE = YES;
				INFOPLIST_FILE = BlogSearchApp/Info.plist;
				INFOPLIST_KEY_UIApplicationSupportsIndirectInputEvents = YES;
				INFOPLIST_KEY_UILaunchStoryboardName = LaunchScreen;
				INFOPLIST_KEY_UIMainStoryboardFile = LaunchScreen;
				INFOPLIST_KEY_UISupportedInterfaceOrientations_iPad = "UIInterfaceOrientationPortrait UIInterfaceOrientationPortraitUpsideDown UIInterfaceOrientationLandscapeLeft UIInterfaceOrientationLandscapeRight";
				INFOPLIST_KEY_UISupportedInterfaceOrientations_iPhone = "UIInterfaceOrientationPortrait UIInterfaceOrientationLandscapeLeft UIInterfaceOrientationLandscapeRight";
				LD_RUNPATH_SEARCH_PATHS = (
					"$(inherited)",
					"@executable_path/Frameworks",
				);
				MARKETING_VERSION = 1.0;
				PRODUCT_BUNDLE_IDENTIFIER = com.jeongminkim.BlogSearchApp;
				PRODUCT_NAME = "$(TARGET_NAME)";
				SWIFT_EMIT_LOC_STRINGS = YES;
				SWIFT_VERSION = 5.0;
				TARGETED_DEVICE_FAMILY = "1,2";
			};
			name = Release;
		};
/* End XCBuildConfiguration section */

/* Begin XCConfigurationList section */
		1E45BD2927CC7ABF001E0BC5 /* Build configuration list for PBXProject "BlogSearchApp" */ = {
			isa = XCConfigurationList;
			buildConfigurations = (
				1E45BD4027CC7AC2001E0BC5 /* Debug */,
				1E45BD4127CC7AC2001E0BC5 /* Release */,
			);
			defaultConfigurationIsVisible = 0;
			defaultConfigurationName = Release;
		};
		1E45BD4227CC7AC2001E0BC5 /* Build configuration list for PBXNativeTarget "BlogSearchApp" */ = {
			isa = XCConfigurationList;
			buildConfigurations = (
				1E45BD4327CC7AC2001E0BC5 /* Debug */,
				1E45BD4427CC7AC2001E0BC5 /* Release */,
			);
			defaultConfigurationIsVisible = 0;
			defaultConfigurationName = Release;
		};
/* End XCConfigurationList section */
	};
	rootObject = 1E45BD2627CC7ABF001E0BC5 /* Project object */;
}
